
Microsoft Visual Studio Solution File, Format Version 12.00
# Visual Studio 2012
Project("{D954291E-2A0B-460D-934E-DC6B0785DB48}") = "examenPrutech", "examenPrutech\examenPrutech.shproj", "{0273636C-24B0-4C37-988A-BB849DC79D8F}"
EndProject
Project("{FAE04EC0-301F-11D3-BF4B-00C04F79EFBC}") = "examenPrutech.iOS", "iOS\examenPrutech.iOS.csproj", "{CE10328E-D6E5-4C2A-B0BD-121B16DB5327}"
EndProject
Project("{FAE04EC0-301F-11D3-BF4B-00C04F79EFBC}") = "examenPrutech.Droid", "Droid\examenPrutech.Droid.csproj", "{BA6AB127-05DF-447D-AE76-1287DE2FB771}"
EndProject
Global
	GlobalSection(SolutionConfigurationPlatforms) = preSolution
		Debug|iPhoneSimulator = Debug|iPhoneSimulator
		Release|iPhone = Release|iPhone
		Release|iPhoneSimulator = Release|iPhoneSimulator
		Debug|iPhone = Debug|iPhone
		Debug|Any CPU = Debug|Any CPU
		Release|Any CPU = Release|Any CPU
	EndGlobalSection
	GlobalSection(ProjectConfigurationPlatforms) = postSolution
		{CE10328E-D6E5-4C2A-B0BD-121B16DB5327}.Debug|iPhoneSimulator.ActiveCfg = Debug|iPhoneSimulator
		{CE10328E-D6E5-4C2A-B0BD-121B16DB5327}.Debug|iPhoneSimulator.Build.0 = Debug|iPhoneSimulator
		{CE10328E-D6E5-4C2A-B0BD-121B16DB5327}.Release|iPhone.ActiveCfg = Release|iPhone
		{CE10328E-D6E5-4C2A-B0BD-121B16DB5327}.Release|iPhone.Build.0 = Release|iPhone
		{CE10328E-D6E5-4C2A-B0BD-121B16DB5327}.Release|iPhoneSimulator.ActiveCfg = Release|iPhoneSimulator
		{CE10328E-D6E5-4C2A-B0BD-121B16DB5327}.Release|iPhoneSimulator.Build.0 = Release|iPhoneSimulator
		{CE10328E-D6E5-4C2A-B0BD-121B16DB5327}.Debug|iPhone.ActiveCfg = Debug|iPhone
		{CE10328E-D6E5-4C2A-B0BD-121B16DB5327}.Debug|iPhone.Build.0 = Debug|iPhone
		{CE10328E-D6E5-4C2A-B0BD-121B16DB5327}.Debug|Any CPU.ActiveCfg = Debug|iPhoneSimulator
		{CE10328E-D6E5-4C2A-B0BD-121B16DB5327}.Debug|Any CPU.Build.0 = Debug|iPhoneSimulator
		{CE10328E-D6E5-4C2A-B0BD-121B16DB5327}.Release|Any CPU.ActiveCfg = Release|iPhone
		{CE10328E-D6E5-4C2A-B0BD-121B16DB5327}.Release|Any CPU.Build.0 = Release|iPhone
		{BA6AB127-05DF-447D-AE76-1287DE2FB771}.Debug|iPhoneSimulator.ActiveCfg = Debug|Any CPU
		{BA6AB127-05DF-447D-AE76-1287DE2FB771}.Debug|iPhoneSimulator.Build.0 = Debug|Any CPU
		{BA6AB127-05DF-447D-AE76-1287DE2FB771}.Release|iPhone.ActiveCfg = Release|Any CPU
		{BA6AB127-05DF-447D-AE76-1287DE2FB771}.Release|iPhone.Build.0 = Release|Any CPU
		{BA6AB127-05DF-447D-AE76-1287DE2FB771}.Release|iPhoneSimulator.ActiveCfg = Release|Any CPU
		{BA6AB127-05DF-447D-AE76-1287DE2FB771}.Release|iPhoneSimulator.Build.0 = Release|Any CPU
		{BA6AB127-05DF-447D-AE76-1287DE2FB771}.Debug|iPhone.ActiveCfg = Debug|Any CPU
		{BA6AB127-05DF-447D-AE76-1287DE2FB771}.Debug|iPhone.Build.0 = Debug|Any CPU
		{BA6AB127-05DF-447D-AE76-1287DE2FB771}.Debug|Any CPU.ActiveCfg = Debug|Any CPU
		{BA6AB127-05DF-447D-AE76-1287DE2FB771}.Debug|Any CPU.Build.0 = Debug|Any CPU
		{BA6AB127-05DF-447D-AE76-1287DE2FB771}.Release|Any CPU.ActiveCfg = Release|Any CPU
		{BA6AB127-05DF-447D-AE76-1287DE2FB771}.Release|Any CPU.Build.0 = Release|Any CPU
	EndGlobalSection
EndGlobal
